// !$*UTF8*$!
{
	archiveVersion = 1;
	classes = {
	};
	objectVersion = 77;
	objects = {

/* Begin PBXBuildFile section */
		032C842F55D754CDF99B7CEF /* Stores.swift in Sources */ = {isa = PBXBuildFile; fileRef = 50CC675B4E440CD50573C3A4 /* Stores.swift */; };
		076A03104420525A517BD699 /* PaywallView.swift in Sources */ = {isa = PBXBuildFile; fileRef = 3DC93778BE68B512FD31ECFF /* PaywallView.swift */; };
		12DCD47B097FBED701EECC11 /* Models.swift in Sources */ = {isa = PBXBuildFile; fileRef = CC4A396C6929CB1C576DBA52 /* Models.swift */; };
		2073047DFEE26EF78129A0A6 /* Theme.swift in Sources */ = {isa = PBXBuildFile; fileRef = A47970A792B8AE57E021D9CB /* Theme.swift */; };
		2A36A3A3D54FD7EBF0C04ABD /* BacklogItem+Fragment.swift in Sources */ = {isa = PBXBuildFile; fileRef = 5E6D781D06794C604E1D6CA3 /* BacklogItem+Fragment.swift */; };
		2BD0550462640DD942B3590F /* Models.swift in Sources */ = {isa = PBXBuildFile; fileRef = CC4A396C6929CB1C576DBA52 /* Models.swift */; };
		2EEF15F748E4787419FB76DD /* BlockEditorView.swift in Sources */ = {isa = PBXBuildFile; fileRef = 28ADD71097A3C0E497BF731A /* BlockEditorView.swift */; };
		33F063FE824A134E22151E31 /* ReflectionView.swift in Sources */ = {isa = PBXBuildFile; fileRef = 45EF8BFE32D234EF9576302C /* ReflectionView.swift */; };
		34C9F08D4446670D54F3BDD2 /* TodoShareInbox.swift in Sources */ = {isa = PBXBuildFile; fileRef = B1AB87F24F692342EEFC5FC3 /* TodoShareInbox.swift */; };
		4101900ED88674F2FA6D1829 /* DayTimelineView.swift in Sources */ = {isa = PBXBuildFile; fileRef = 482967041DBF8581050A3138 /* DayTimelineView.swift */; };
		4AD3E0852C409C709566599A /* TodoTree.swift in Sources */ = {isa = PBXBuildFile; fileRef = FA390F91431BF7C5CAE06EF5 /* TodoTree.swift */; };
		4EA685D4C9D593CD84458458 /* TodoShareInbox.swift in Sources */ = {isa = PBXBuildFile; fileRef = B1AB87F24F692342EEFC5FC3 /* TodoShareInbox.swift */; };
		4F244DC3FBAD972B617CA295 /* RoutineOnboardingView.swift in Sources */ = {isa = PBXBuildFile; fileRef = E7B5017D2F7AFF0E3827709F /* RoutineOnboardingView.swift */; };
		55195D69441F0EC3E3DA6E21 /* ContentView.swift in Sources */ = {isa = PBXBuildFile; fileRef = E29F659737698D0D348D6468 /* ContentView.swift */; };
		58EFDC2B31047E4376DAB4FD /* WeekBlocksApp.swift in Sources */ = {isa = PBXBuildFile; fileRef = 77F6DC672D5A8A4A51FE4E5E /* WeekBlocksApp.swift */; };
		5A7FAEDE2641B14C3D1AFE7F /* BacklogItem.swift in Sources */ = {isa = PBXBuildFile; fileRef = FBBBB02A0B2EEE92CBBE5E05 /* BacklogItem.swift */; };
		624A0F5C801F2937DDCA2691 /* TodoSplitAdvisor.swift in Sources */ = {isa = PBXBuildFile; fileRef = 8777BDF75953951A8098B8BC /* TodoSplitAdvisor.swift */; };
		651A1BCE01591AEDA87AEFAA /* RoutinesView.swift in Sources */ = {isa = PBXBuildFile; fileRef = D1A6EA88AB7820ECC2A0228E /* RoutinesView.swift */; };
		67A12313C3A920C6F3B8C092 /* TodoSplitAdvisor.swift in Sources */ = {isa = PBXBuildFile; fileRef = 8777BDF75953951A8098B8BC /* TodoSplitAdvisor.swift */; };
		6DA8B64C5770532C8578D174 /* TodoShareExtension.appex in Embed Foundation Extensions */ = {isa = PBXBuildFile; fileRef = B30E4F0DBDE964141EDE57D1 /* TodoShareExtension.appex */; settings = {ATTRIBUTES = (RemoveHeadersOnCopy, ); }; };
		7A7A396897A8460DCAB20CC1 /* PlanBlock.swift in Sources */ = {isa = PBXBuildFile; fileRef = 5CC172BAFFE573306711B4CE /* PlanBlock.swift */; };
		7EE825830848CC825A252ABD /* SettingsView.swift in Sources */ = {isa = PBXBuildFile; fileRef = 5778B2501CA57BDDA85EEAC9 /* SettingsView.swift */; };
		7F70D1C2183A69BB4642EE6B /* Assets.xcassets in Resources */ = {isa = PBXBuildFile; fileRef = 90641A10CE63E76FFACFD63E /* Assets.xcassets */; };
		7FC4A705F75D1EFA5BFA6A58 /* BacklogView.swift in Sources */ = {isa = PBXBuildFile; fileRef = 295B1036D16FB52A4E7D0C74 /* BacklogView.swift */; };
		80A02C44C4632837BA134587 /* BacklogCategory.swift in Sources */ = {isa = PBXBuildFile; fileRef = 3EA4DAA5FEC707CC689804D2 /* BacklogCategory.swift */; };
		82F6C212A68907007B4A9F96 /* ShareViewController.swift in Sources */ = {isa = PBXBuildFile; fileRef = AA8A00620F11E5E0DA035BC8 /* ShareViewController.swift */; };
		837589EF39B4862756A1D709 /* WeekGridView.swift in Sources */ = {isa = PBXBuildFile; fileRef = 87EB398D348B2377FA8540BF /* WeekGridView.swift */; };
		83DE0994DCC6B215222A482D /* Routine.swift in Sources */ = {isa = PBXBuildFile; fileRef = 0DAA819E703DC5BE377B3688 /* Routine.swift */; };
		8660C861348202D9EAF3D1AC /* MacEntitlement.swift in Sources */ = {isa = PBXBuildFile; fileRef = 7826FECD3C214B59C8E531EB /* MacEntitlement.swift */; };
		92A5845ED8EA12BAB7A35237 /* SharedScheduleSection.swift in Sources */ = {isa = PBXBuildFile; fileRef = 30B38CA301764D3E76ED7206 /* SharedScheduleSection.swift */; };
		AC3B06F246AC9D100F00622B /* TodoSharing.swift in Sources */ = {isa = PBXBuildFile; fileRef = 526E2EF2A25551766D802F91 /* TodoSharing.swift */; };
		ACAF69F8BD3236DFA4DF7CCF /* TodoStepsView.swift in Sources */ = {isa = PBXBuildFile; fileRef = C30E146DBAE0FA73CB0D8D32 /* TodoStepsView.swift */; };
		B121540A19F0977281258CD9 /* TodoAccess.swift in Sources */ = {isa = PBXBuildFile; fileRef = AB645C90135FC303A3A31FA0 /* TodoAccess.swift */; };
		B5CF26C54CC4A6E6131F1167 /* TodoShareIntake.swift in Sources */ = {isa = PBXBuildFile; fileRef = 1F980F3D31ED4C9848AEEE85 /* TodoShareIntake.swift */; };
		B63B2A1A5A9D82E02ED137D1 /* TodoTips.swift in Sources */ = {isa = PBXBuildFile; fileRef = CD35C8D5A757450762EFDC34 /* TodoTips.swift */; };
		BD4182ADABF5402CAECCAB0E /* RoutineOccurrence.swift in Sources */ = {isa = PBXBuildFile; fileRef = 3AF76D816E0C55144E652474 /* RoutineOccurrence.swift */; };
		D71D717068E0CD2BE567389F /* WeekBlocksSpec.swift in Sources */ = {isa = PBXBuildFile; fileRef = 9F532A8D22094F3D6514B098 /* WeekBlocksSpec.swift */; };
		E3F9A77A54C393B44ABAE457 /* RoutineDetailView.swift in Sources */ = {isa = PBXBuildFile; fileRef = 9F541E3039606B54D810E610 /* RoutineDetailView.swift */; };
		EAC153AF06A575CC60795AD5 /* LeeoKit in Frameworks */ = {isa = PBXBuildFile; productRef = 144D087CE2C3CFFED2EABEE8 /* LeeoKit */; };
		ED80D0BA5F1168CBEDCE0747 /* ShareTodoView.swift in Sources */ = {isa = PBXBuildFile; fileRef = 622A5D436D0F426C007C5246 /* ShareTodoView.swift */; };
		EDB94546FCC7080E977ACCCC /* ConcretenessChecker.swift in Sources */ = {isa = PBXBuildFile; fileRef = ED647C75FA807E44EAFADBE6 /* ConcretenessChecker.swift */; };
		F8624EF27CC9E3AE1AEEFE83 /* ScheduleShareStore.swift in Sources */ = {isa = PBXBuildFile; fileRef = 73D46C0413552F70FBCA3EC2 /* ScheduleShareStore.swift */; };
/* End PBXBuildFile section */

/* Begin PBXContainerItemProxy section */
		2DD067C69EF2990F2382DDED /* PBXContainerItemProxy */ = {
			isa = PBXContainerItemProxy;
			containerPortal = B0B47E06A2E7F1E74F5231B4 /* Project object */;
			proxyType = 1;
			remoteGlobalIDString = EF6B6EDD17578F940401C900;
			remoteInfo = TodoShareExtension;
		};
/* End PBXContainerItemProxy section */

/* Begin PBXCopyFilesBuildPhase section */
		AEEA7B0C58E35A18FCB57F8A /* Embed Foundation Extensions */ = {
			isa = PBXCopyFilesBuildPhase;
			buildActionMask = 2147483647;
			dstPath = "";
			dstSubfolderSpec = 13;
			files = (
				6DA8B64C5770532C8578D174 /* TodoShareExtension.appex in Embed Foundation Extensions */,
			);
			name = "Embed Foundation Extensions";
			runOnlyForDeploymentPostprocessing = 0;
		};
/* End PBXCopyFilesBuildPhase section */

/* Begin PBXFileReference section */
		0DAA819E703DC5BE377B3688 /* Routine.swift */ = {isa = PBXFileReference; lastKnownFileType = sourcecode.swift; path = Routine.swift; sourceTree = "<group>"; };
		1F980F3D31ED4C9848AEEE85 /* TodoShareIntake.swift */ = {isa = PBXFileReference; lastKnownFileType = sourcecode.swift; path = TodoShareIntake.swift; sourceTree = "<group>"; };
		28ADD71097A3C0E497BF731A /* BlockEditorView.swift */ = {isa = PBXFileReference; lastKnownFileType = sourcecode.swift; path = BlockEditorView.swift; sourceTree = "<group>"; };
		295B1036D16FB52A4E7D0C74 /* BacklogView.swift */ = {isa = PBXFileReference; lastKnownFileType = sourcecode.swift; path = BacklogView.swift; sourceTree = "<group>"; };
		30B38CA301764D3E76ED7206 /* SharedScheduleSection.swift */ = {isa = PBXFileReference; lastKnownFileType = sourcecode.swift; path = SharedScheduleSection.swift; sourceTree = "<group>"; };
		3AF76D816E0C55144E652474 /* RoutineOccurrence.swift */ = {isa = PBXFileReference; lastKnownFileType = sourcecode.swift; path = RoutineOccurrence.swift; sourceTree = "<group>"; };
		3DC93778BE68B512FD31ECFF /* PaywallView.swift */ = {isa = PBXFileReference; lastKnownFileType = sourcecode.swift; path = PaywallView.swift; sourceTree = "<group>"; };
		3EA4DAA5FEC707CC689804D2 /* BacklogCategory.swift */ = {isa = PBXFileReference; lastKnownFileType = sourcecode.swift; path = BacklogCategory.swift; sourceTree = "<group>"; };
		45EF8BFE32D234EF9576302C /* ReflectionView.swift */ = {isa = PBXFileReference; lastKnownFileType = sourcecode.swift; path = ReflectionView.swift; sourceTree = "<group>"; };
		46C009263003E5FA4C9F764D /* WeekBlocks.app */ = {isa = PBXFileReference; explicitFileType = wrapper.application; includeInIndex = 0; path = WeekBlocks.app; sourceTree = BUILT_PRODUCTS_DIR; };
		482967041DBF8581050A3138 /* DayTimelineView.swift */ = {isa = PBXFileReference; lastKnownFileType = sourcecode.swift; path = DayTimelineView.swift; sourceTree = "<group>"; };
		50CC675B4E440CD50573C3A4 /* Stores.swift */ = {isa = PBXFileReference; lastKnownFileType = sourcecode.swift; path = Stores.swift; sourceTree = "<group>"; };
		526E2EF2A25551766D802F91 /* TodoSharing.swift */ = {isa = PBXFileReference; lastKnownFileType = sourcecode.swift; path = TodoSharing.swift; sourceTree = "<group>"; };
		5778B2501CA57BDDA85EEAC9 /* SettingsView.swift */ = {isa = PBXFileReference; lastKnownFileType = sourcecode.swift; path = SettingsView.swift; sourceTree = "<group>"; };
		5CC172BAFFE573306711B4CE /* PlanBlock.swift */ = {isa = PBXFileReference; lastKnownFileType = sourcecode.swift; path = PlanBlock.swift; sourceTree = "<group>"; };
		5E6D781D06794C604E1D6CA3 /* BacklogItem+Fragment.swift */ = {isa = PBXFileReference; lastKnownFileType = sourcecode.swift; path = "BacklogItem+Fragment.swift"; sourceTree = "<group>"; };
		622A5D436D0F426C007C5246 /* ShareTodoView.swift */ = {isa = PBXFileReference; lastKnownFileType = sourcecode.swift; path = ShareTodoView.swift; sourceTree = "<group>"; };
		73D46C0413552F70FBCA3EC2 /* ScheduleShareStore.swift */ = {isa = PBXFileReference; lastKnownFileType = sourcecode.swift; path = ScheduleShareStore.swift; sourceTree = "<group>"; };
		77F6DC672D5A8A4A51FE4E5E /* WeekBlocksApp.swift */ = {isa = PBXFileReference; lastKnownFileType = sourcecode.swift; path = WeekBlocksApp.swift; sourceTree = "<group>"; };
		7826FECD3C214B59C8E531EB /* MacEntitlement.swift */ = {isa = PBXFileReference; lastKnownFileType = sourcecode.swift; path = MacEntitlement.swift; sourceTree = "<group>"; };
		7970A4DA39D1705294090BDC /* TodoShare.entitlements */ = {isa = PBXFileReference; lastKnownFileType = text.plist.entitlements; path = TodoShare.entitlements; sourceTree = "<group>"; };
		8777BDF75953951A8098B8BC /* TodoSplitAdvisor.swift */ = {isa = PBXFileReference; lastKnownFileType = sourcecode.swift; path = TodoSplitAdvisor.swift; sourceTree = "<group>"; };
		87EB398D348B2377FA8540BF /* WeekGridView.swift */ = {isa = PBXFileReference; lastKnownFileType = sourcecode.swift; path = WeekGridView.swift; sourceTree = "<group>"; };
		90641A10CE63E76FFACFD63E /* Assets.xcassets */ = {isa = PBXFileReference; lastKnownFileType = folder.assetcatalog; path = Assets.xcassets; sourceTree = "<group>"; };
		9F532A8D22094F3D6514B098 /* WeekBlocksSpec.swift */ = {isa = PBXFileReference; lastKnownFileType = sourcecode.swift; path = WeekBlocksSpec.swift; sourceTree = "<group>"; };
		9F541E3039606B54D810E610 /* RoutineDetailView.swift */ = {isa = PBXFileReference; lastKnownFileType = sourcecode.swift; path = RoutineDetailView.swift; sourceTree = "<group>"; };
		9FCA2B090B06BBF2FEE2C830 /* Info.plist */ = {isa = PBXFileReference; lastKnownFileType = text.plist; path = Info.plist; sourceTree = "<group>"; };
		A47970A792B8AE57E021D9CB /* Theme.swift */ = {isa = PBXFileReference; lastKnownFileType = sourcecode.swift; path = Theme.swift; sourceTree = "<group>"; };
		AA8A00620F11E5E0DA035BC8 /* ShareViewController.swift */ = {isa = PBXFileReference; lastKnownFileType = sourcecode.swift; path = ShareViewController.swift; sourceTree = "<group>"; };
		AB645C90135FC303A3A31FA0 /* TodoAccess.swift */ = {isa = PBXFileReference; lastKnownFileType = sourcecode.swift; path = TodoAccess.swift; sourceTree = "<group>"; };
		B1AB87F24F692342EEFC5FC3 /* TodoShareInbox.swift */ = {isa = PBXFileReference; lastKnownFileType = sourcecode.swift; path = TodoShareInbox.swift; sourceTree = "<group>"; };
		B30E4F0DBDE964141EDE57D1 /* TodoShareExtension.appex */ = {isa = PBXFileReference; explicitFileType = "wrapper.app-extension"; includeInIndex = 0; path = TodoShareExtension.appex; sourceTree = BUILT_PRODUCTS_DIR; };
		C30E146DBAE0FA73CB0D8D32 /* TodoStepsView.swift */ = {isa = PBXFileReference; lastKnownFileType = sourcecode.swift; path = TodoStepsView.swift; sourceTree = "<group>"; };
		C368657EE69104A4BA70BA52 /* Info.plist */ = {isa = PBXFileReference; lastKnownFileType = text.plist; path = Info.plist; sourceTree = "<group>"; };
		CC4A396C6929CB1C576DBA52 /* Models.swift */ = {isa = PBXFileReference; lastKnownFileType = sourcecode.swift; path = Models.swift; sourceTree = "<group>"; };
		CD35C8D5A757450762EFDC34 /* TodoTips.swift */ = {isa = PBXFileReference; lastKnownFileType = sourcecode.swift; path = TodoTips.swift; sourceTree = "<group>"; };
		D1A6EA88AB7820ECC2A0228E /* RoutinesView.swift */ = {isa = PBXFileReference; lastKnownFileType = sourcecode.swift; path = RoutinesView.swift; sourceTree = "<group>"; };
		E29F659737698D0D348D6468 /* ContentView.swift */ = {isa = PBXFileReference; lastKnownFileType = sourcecode.swift; path = ContentView.swift; sourceTree = "<group>"; };
		E7B5017D2F7AFF0E3827709F /* RoutineOnboardingView.swift */ = {isa = PBXFileReference; lastKnownFileType = sourcecode.swift; path = RoutineOnboardingView.swift; sourceTree = "<group>"; };
		ED647C75FA807E44EAFADBE6 /* ConcretenessChecker.swift */ = {isa = PBXFileReference; lastKnownFileType = sourcecode.swift; path = ConcretenessChecker.swift; sourceTree = "<group>"; };
		FA390F91431BF7C5CAE06EF5 /* TodoTree.swift */ = {isa = PBXFileReference; lastKnownFileType = sourcecode.swift; path = TodoTree.swift; sourceTree = "<group>"; };
		FBBBB02A0B2EEE92CBBE5E05 /* BacklogItem.swift */ = {isa = PBXFileReference; lastKnownFileType = sourcecode.swift; path = BacklogItem.swift; sourceTree = "<group>"; };
		FE2891429087F31216F7F774 /* WeekBlocks.entitlements */ = {isa = PBXFileReference; lastKnownFileType = text.plist.entitlements; path = WeekBlocks.entitlements; sourceTree = "<group>"; };
/* End PBXFileReference section */

/* Begin PBXFrameworksBuildPhase section */
		066E0521B58884D419671397 /* Frameworks */ = {
			isa = PBXFrameworksBuildPhase;
			buildActionMask = 2147483647;
			files = (
				EAC153AF06A575CC60795AD5 /* LeeoKit in Frameworks */,
			);
			runOnlyForDeploymentPostprocessing = 0;
		};
/* End PBXFrameworksBuildPhase section */

/* Begin PBXGroup section */
		5006E43136DA8556999C7087 /* TodoShare */ = {
			isa = PBXGroup;
			children = (
				9FCA2B090B06BBF2FEE2C830 /* Info.plist */,
				622A5D436D0F426C007C5246 /* ShareTodoView.swift */,
				AA8A00620F11E5E0DA035BC8 /* ShareViewController.swift */,
				7970A4DA39D1705294090BDC /* TodoShare.entitlements */,
			);
			path = TodoShare;
			sourceTree = "<group>";
		};
		5F00D51242891307C101F90D /* Products */ = {
			isa = PBXGroup;
			children = (
				B30E4F0DBDE964141EDE57D1 /* TodoShareExtension.appex */,
				46C009263003E5FA4C9F764D /* WeekBlocks.app */,
			);
			name = Products;
			sourceTree = "<group>";
		};
		973BF38AE3DB330122685508 /* WeekBlocks */ = {
			isa = PBXGroup;
			children = (
				90641A10CE63E76FFACFD63E /* Assets.xcassets */,
				3EA4DAA5FEC707CC689804D2 /* BacklogCategory.swift */,
				FBBBB02A0B2EEE92CBBE5E05 /* BacklogItem.swift */,
				5E6D781D06794C604E1D6CA3 /* BacklogItem+Fragment.swift */,
				295B1036D16FB52A4E7D0C74 /* BacklogView.swift */,
				28ADD71097A3C0E497BF731A /* BlockEditorView.swift */,
				ED647C75FA807E44EAFADBE6 /* ConcretenessChecker.swift */,
				E29F659737698D0D348D6468 /* ContentView.swift */,
				482967041DBF8581050A3138 /* DayTimelineView.swift */,
				C368657EE69104A4BA70BA52 /* Info.plist */,
				7826FECD3C214B59C8E531EB /* MacEntitlement.swift */,
				CC4A396C6929CB1C576DBA52 /* Models.swift */,
				3DC93778BE68B512FD31ECFF /* PaywallView.swift */,
				5CC172BAFFE573306711B4CE /* PlanBlock.swift */,
				45EF8BFE32D234EF9576302C /* ReflectionView.swift */,
				0DAA819E703DC5BE377B3688 /* Routine.swift */,
				9F541E3039606B54D810E610 /* RoutineDetailView.swift */,
				3AF76D816E0C55144E652474 /* RoutineOccurrence.swift */,
				E7B5017D2F7AFF0E3827709F /* RoutineOnboardingView.swift */,
				D1A6EA88AB7820ECC2A0228E /* RoutinesView.swift */,
				73D46C0413552F70FBCA3EC2 /* ScheduleShareStore.swift */,
				5778B2501CA57BDDA85EEAC9 /* SettingsView.swift */,
				30B38CA301764D3E76ED7206 /* SharedScheduleSection.swift */,
				50CC675B4E440CD50573C3A4 /* Stores.swift */,
				A47970A792B8AE57E021D9CB /* Theme.swift */,
				AB645C90135FC303A3A31FA0 /* TodoAccess.swift */,
				B1AB87F24F692342EEFC5FC3 /* TodoShareInbox.swift */,
				1F980F3D31ED4C9848AEEE85 /* TodoShareIntake.swift */,
				526E2EF2A25551766D802F91 /* TodoSharing.swift */,
				8777BDF75953951A8098B8BC /* TodoSplitAdvisor.swift */,
				C30E146DBAE0FA73CB0D8D32 /* TodoStepsView.swift */,
				CD35C8D5A757450762EFDC34 /* TodoTips.swift */,
				FA390F91431BF7C5CAE06EF5 /* TodoTree.swift */,
				FE2891429087F31216F7F774 /* WeekBlocks.entitlements */,
				77F6DC672D5A8A4A51FE4E5E /* WeekBlocksApp.swift */,
				9F532A8D22094F3D6514B098 /* WeekBlocksSpec.swift */,
				87EB398D348B2377FA8540BF /* WeekGridView.swift */,
			);
			path = WeekBlocks;
			sourceTree = "<group>";
		};
		C7495016D461ABB1DF0D0252 = {
			isa = PBXGroup;
			children = (
				5006E43136DA8556999C7087 /* TodoShare */,
				973BF38AE3DB330122685508 /* WeekBlocks */,
				5F00D51242891307C101F90D /* Products */,
			);
			sourceTree = "<group>";
		};
/* End PBXGroup section */

/* Begin PBXNativeTarget section */
		607BF99F81936CE909A366CF /* WeekBlocks */ = {
			isa = PBXNativeTarget;
			buildConfigurationList = AB95234F96C177DEF4239FA8 /* Build configuration list for PBXNativeTarget "WeekBlocks" */;
			buildPhases = (
				E4D02E4967B3D8CEBF703E86 /* Sources */,
				541F11E22B4F2947FA4944EF /* Resources */,
				066E0521B58884D419671397 /* Frameworks */,
				AEEA7B0C58E35A18FCB57F8A /* Embed Foundation Extensions */,
			);
			buildRules = (
			);
			dependencies = (
				8DCD9864F1FEAF1B20824C5D /* PBXTargetDependency */,
			);
			name = WeekBlocks;
			packageProductDependencies = (
				144D087CE2C3CFFED2EABEE8 /* LeeoKit */,
			);
			productName = WeekBlocks;
			productReference = 46C009263003E5FA4C9F764D /* WeekBlocks.app */;
			productType = "com.apple.product-type.application";
		};
		EF6B6EDD17578F940401C900 /* TodoShareExtension */ = {
			isa = PBXNativeTarget;
			buildConfigurationList = 1D0C2F44BD9D903CEFF9D132 /* Build configuration list for PBXNativeTarget "TodoShareExtension" */;
			buildPhases = (
				F05602A7486B0E5C5FD77C5A /* Sources */,
			);
			buildRules = (
			);
			dependencies = (
			);
			name = TodoShareExtension;
			packageProductDependencies = (
			);
			productName = TodoShareExtension;
			productReference = B30E4F0DBDE964141EDE57D1 /* TodoShareExtension.appex */;
			productType = "com.apple.product-type.app-extension";
		};
/* End PBXNativeTarget section */

/* Begin PBXProject section */
		B0B47E06A2E7F1E74F5231B4 /* Project object */ = {
			isa = PBXProject;
			attributes = {
				BuildIndependentTargetsInParallel = YES;
				LastUpgradeCheck = 1430;
				TargetAttributes = {
					607BF99F81936CE909A366CF = {
						DevelopmentTeam = QGAQ3AY3R3;
						ProvisioningStyle = Automatic;
					};
					EF6B6EDD17578F940401C900 = {
						DevelopmentTeam = QGAQ3AY3R3;
						ProvisioningStyle = Automatic;
					};
				};
			};
			buildConfigurationList = 167CBDBB670FA4DE3377C1AE /* Build configuration list for PBXProject "WeekBlocks" */;
			compatibilityVersion = "Xcode 14.0";
			developmentRegion = ko;
			hasScannedForEncodings = 0;
			knownRegions = (
				Base,
				ko,
			);
			mainGroup = C7495016D461ABB1DF0D0252;
			minimizedProjectReferenceProxies = 1;
			packageReferences = (
				08DDEFB0F275CC298FCC41E9 /* XCRemoteSwiftPackageReference "LeeoKit" */,
			);
			preferredProjectObjectVersion = 77;
			projectDirPath = "";
			projectRoot = "";
			targets = (
				EF6B6EDD17578F940401C900 /* TodoShareExtension */,
				607BF99F81936CE909A366CF /* WeekBlocks */,
			);
		};
/* End PBXProject section */

/* Begin PBXResourcesBuildPhase section */
		541F11E22B4F2947FA4944EF /* Resources */ = {
			isa = PBXResourcesBuildPhase;
			buildActionMask = 2147483647;
			files = (
				7F70D1C2183A69BB4642EE6B /* Assets.xcassets in Resources */,
			);
			runOnlyForDeploymentPostprocessing = 0;
		};
/* End PBXResourcesBuildPhase section */

/* Begin PBXSourcesBuildPhase section */
		E4D02E4967B3D8CEBF703E86 /* Sources */ = {
			isa = PBXSourcesBuildPhase;
			buildActionMask = 2147483647;
			files = (
				80A02C44C4632837BA134587 /* BacklogCategory.swift in Sources */,
				2A36A3A3D54FD7EBF0C04ABD /* BacklogItem+Fragment.swift in Sources */,
				5A7FAEDE2641B14C3D1AFE7F /* BacklogItem.swift in Sources */,
				7FC4A705F75D1EFA5BFA6A58 /* BacklogView.swift in Sources */,
				2EEF15F748E4787419FB76DD /* BlockEditorView.swift in Sources */,
				EDB94546FCC7080E977ACCCC /* ConcretenessChecker.swift in Sources */,
				55195D69441F0EC3E3DA6E21 /* ContentView.swift in Sources */,
				4101900ED88674F2FA6D1829 /* DayTimelineView.swift in Sources */,
				8660C861348202D9EAF3D1AC /* MacEntitlement.swift in Sources */,
				12DCD47B097FBED701EECC11 /* Models.swift in Sources */,
				076A03104420525A517BD699 /* PaywallView.swift in Sources */,
				7A7A396897A8460DCAB20CC1 /* PlanBlock.swift in Sources */,
				33F063FE824A134E22151E31 /* ReflectionView.swift in Sources */,
				83DE0994DCC6B215222A482D /* Routine.swift in Sources */,
				E3F9A77A54C393B44ABAE457 /* RoutineDetailView.swift in Sources */,
				BD4182ADABF5402CAECCAB0E /* RoutineOccurrence.swift in Sources */,
				4F244DC3FBAD972B617CA295 /* RoutineOnboardingView.swift in Sources */,
				651A1BCE01591AEDA87AEFAA /* RoutinesView.swift in Sources */,
				F8624EF27CC9E3AE1AEEFE83 /* ScheduleShareStore.swift in Sources */,
				7EE825830848CC825A252ABD /* SettingsView.swift in Sources */,
				92A5845ED8EA12BAB7A35237 /* SharedScheduleSection.swift in Sources */,
				032C842F55D754CDF99B7CEF /* Stores.swift in Sources */,
				2073047DFEE26EF78129A0A6 /* Theme.swift in Sources */,
				B121540A19F0977281258CD9 /* TodoAccess.swift in Sources */,
				4EA685D4C9D593CD84458458 /* TodoShareInbox.swift in Sources */,
				B5CF26C54CC4A6E6131F1167 /* TodoShareIntake.swift in Sources */,
				AC3B06F246AC9D100F00622B /* TodoSharing.swift in Sources */,
				67A12313C3A920C6F3B8C092 /* TodoSplitAdvisor.swift in Sources */,
				ACAF69F8BD3236DFA4DF7CCF /* TodoStepsView.swift in Sources */,
				B63B2A1A5A9D82E02ED137D1 /* TodoTips.swift in Sources */,
				4AD3E0852C409C709566599A /* TodoTree.swift in Sources */,
				58EFDC2B31047E4376DAB4FD /* WeekBlocksApp.swift in Sources */,
				D71D717068E0CD2BE567389F /* WeekBlocksSpec.swift in Sources */,
				837589EF39B4862756A1D709 /* WeekGridView.swift in Sources */,
			);
			runOnlyForDeploymentPostprocessing = 0;
		};
		F05602A7486B0E5C5FD77C5A /* Sources */ = {
			isa = PBXSourcesBuildPhase;
			buildActionMask = 2147483647;
			files = (
				2BD0550462640DD942B3590F /* Models.swift in Sources */,
				ED80D0BA5F1168CBEDCE0747 /* ShareTodoView.swift in Sources */,
				82F6C212A68907007B4A9F96 /* ShareViewController.swift in Sources */,
				34C9F08D4446670D54F3BDD2 /* TodoShareInbox.swift in Sources */,
				624A0F5C801F2937DDCA2691 /* TodoSplitAdvisor.swift in Sources */,
			);
			runOnlyForDeploymentPostprocessing = 0;
		};
/* End PBXSourcesBuildPhase section */

/* Begin PBXTargetDependency section */
		8DCD9864F1FEAF1B20824C5D /* PBXTargetDependency */ = {
			isa = PBXTargetDependency;
			target = EF6B6EDD17578F940401C900 /* TodoShareExtension */;
			targetProxy = 2DD067C69EF2990F2382DDED /* PBXContainerItemProxy */;
		};
/* End PBXTargetDependency section */

/* Begin XCBuildConfiguration section */
		2E34DBB53B6C53DD21FEC91C /* Debug */ = {
			isa = XCBuildConfiguration;
			buildSettings = {
				CODE_SIGN_ENTITLEMENTS = TodoShare/TodoShare.entitlements;
				CODE_SIGN_STYLE = Automatic;
				COMBINE_HIDPI_IMAGES = YES;
				ENABLE_HARDENED_RUNTIME = YES;
				GENERATE_INFOPLIST_FILE = NO;
				INFOPLIST_FILE = TodoShare/Info.plist;
				LD_RUNPATH_SEARCH_PATHS = (
					"$(inherited)",
					"@executable_path/../Frameworks",
					"@executable_path/../../../../Frameworks",
				);
				PRODUCT_BUNDLE_IDENTIFIER = com.devkoan.ScheduleDensityApp.TodoShare;
				PRODUCT_NAME = "$(TARGET_NAME)";
				SDKROOT = macosx;
				SKIP_INSTALL = YES;
				SWIFT_EMIT_LOC_STRINGS = YES;
			};
			name = Debug;
		};
		45EFAB99360303FB759AB4B6 /* Release */ = {
			isa = XCBuildConfiguration;
			buildSettings = {
				CODE_SIGN_ENTITLEMENTS = TodoShare/TodoShare.entitlements;
				CODE_SIGN_STYLE = Automatic;
				COMBINE_HIDPI_IMAGES = YES;
				ENABLE_HARDENED_RUNTIME = YES;
				GENERATE_INFOPLIST_FILE = NO;
				INFOPLIST_FILE = TodoShare/Info.plist;
				LD_RUNPATH_SEARCH_PATHS = (
					"$(inherited)",
					"@executable_path/../Frameworks",
					"@executable_path/../../../../Frameworks",
				);
				PRODUCT_BUNDLE_IDENTIFIER = com.devkoan.ScheduleDensityApp.TodoShare;
				PRODUCT_NAME = "$(TARGET_NAME)";
				SDKROOT = macosx;
				SKIP_INSTALL = YES;
				SWIFT_EMIT_LOC_STRINGS = YES;
			};
			name = Release;
		};
		640895FD28169D94663BB6BE /* Debug */ = {
			isa = XCBuildConfiguration;
			buildSettings = {
				ASSETCATALOG_COMPILER_APPICON_NAME = AppIcon;
				ASSETCATALOG_COMPILER_GLOBAL_ACCENT_COLOR_NAME = AccentColor;
				CODE_SIGN_ENTITLEMENTS = WeekBlocks/WeekBlocks.entitlements;
				CODE_SIGN_STYLE = Automatic;
				COMBINE_HIDPI_IMAGES = YES;
				ENABLE_HARDENED_RUNTIME = YES;
				ENABLE_PREVIEWS = YES;
				EXECUTABLE_NAME = WeekBlocks;
				GENERATE_INFOPLIST_FILE = YES;
				INFOPLIST_FILE = WeekBlocks/Info.plist;
				INFOPLIST_KEY_CFBundleDisplayName = "무지개 공방";
				INFOPLIST_KEY_LSApplicationCategoryType = "public.app-category.productivity";
				INFOPLIST_KEY_NSHumanReadableCopyright = "";
				LD_RUNPATH_SEARCH_PATHS = (
					"$(inherited)",
					"@executable_path/../Frameworks",
				);
				PRODUCT_BUNDLE_IDENTIFIER = com.devkoan.ScheduleDensityApp;
				PRODUCT_MODULE_NAME = WeekBlocks;
				PRODUCT_NAME = "무지개 공방";
				SDKROOT = macosx;
				SWIFT_EMIT_LOC_STRINGS = YES;
				TARGETED_DEVICE_FAMILY = "1,2";
			};
			name = Debug;
		};
		A9C0131BDE41761FD6BD0F76 /* Release */ = {
			isa = XCBuildConfiguration;
			buildSettings = {
				ALWAYS_SEARCH_USER_PATHS = NO;
				ASSETCATALOG_COMPILER_GENERATE_SWIFT_ASSET_SYMBOL_EXTENSIONS = YES;
				CLANG_ANALYZER_NONNULL = YES;
				CLANG_ANALYZER_NUMBER_OBJECT_CONVERSION = YES_AGGRESSIVE;
				CLANG_CXX_LANGUAGE_STANDARD = "gnu++14";
				CLANG_CXX_LIBRARY = "libc++";
				CLANG_ENABLE_MODULES = YES;
				CLANG_ENABLE_OBJC_ARC = YES;
				CLANG_ENABLE_OBJC_WEAK = YES;
				CLANG_WARN_BLOCK_CAPTURE_AUTORELEASING = YES;
				CLANG_WARN_BOOL_CONVERSION = YES;
				CLANG_WARN_COMMA = YES;
				CLANG_WARN_CONSTANT_CONVERSION = YES;
				CLANG_WARN_DEPRECATED_OBJC_IMPLEMENTATIONS = YES;
				CLANG_WARN_DIRECT_OBJC_ISA_USAGE = YES_ERROR;
				CLANG_WARN_DOCUMENTATION_COMMENTS = YES;
				CLANG_WARN_EMPTY_BODY = YES;
				CLANG_WARN_ENUM_CONVERSION = YES;
				CLANG_WARN_INFINITE_RECURSION = YES;
				CLANG_WARN_INT_CONVERSION = YES;
				CLANG_WARN_NON_LITERAL_NULL_CONVERSION = YES;
				CLANG_WARN_OBJC_IMPLICIT_RETAIN_SELF = YES;
				CLANG_WARN_OBJC_LITERAL_CONVERSION = YES;
				CLANG_WARN_OBJC_ROOT_CLASS = YES_ERROR;
				CLANG_WARN_QUOTED_INCLUDE_IN_FRAMEWORK_HEADER = YES;
				CLANG_WARN_RANGE_LOOP_ANALYSIS = YES;
				CLANG_WARN_STRICT_PROTOTYPES = YES;
				CLANG_WARN_SUSPICIOUS_MOVE = YES;
				CLANG_WARN_UNGUARDED_AVAILABILITY = YES_AGGRESSIVE;
				CLANG_WARN_UNREACHABLE_CODE = YES;
				CLANG_WARN__DUPLICATE_METHOD_MATCH = YES;
				COPY_PHASE_STRIP = NO;
				CURRENT_PROJECT_VERSION = 10;
				DEBUG_INFORMATION_FORMAT = "dwarf-with-dsym";
				DEVELOPMENT_TEAM = QGAQ3AY3R3;
				ENABLE_NS_ASSERTIONS = NO;
				ENABLE_STRICT_OBJC_MSGSEND = YES;
				GCC_C_LANGUAGE_STANDARD = gnu11;
				GCC_NO_COMMON_BLOCKS = YES;
				GCC_WARN_64_TO_32_BIT_CONVERSION = YES;
				GCC_WARN_ABOUT_RETURN_TYPE = YES_ERROR;
				GCC_WARN_UNDECLARED_SELECTOR = YES;
				GCC_WARN_UNINITIALIZED_AUTOS = YES_AGGRESSIVE;
				GCC_WARN_UNUSED_FUNCTION = YES;
				GCC_WARN_UNUSED_VARIABLE = YES;
				MACOSX_DEPLOYMENT_TARGET = 14.0;
				MARKETING_VERSION = 1.1.0;
				MTL_ENABLE_DEBUG_INFO = NO;
				MTL_FAST_MATH = YES;
				PRODUCT_NAME = "$(TARGET_NAME)";
				SDKROOT = macosx;
				SWIFT_COMPILATION_MODE = wholemodule;
				SWIFT_OPTIMIZATION_LEVEL = "-O";
				SWIFT_VERSION = 5.0;
			};
			name = Release;
		};
		ACEF52518AA4308CA4A419C2 /* Release */ = {
			isa = XCBuildConfiguration;
			buildSettings = {
				ASSETCATALOG_COMPILER_APPICON_NAME = AppIcon;
				ASSETCATALOG_COMPILER_GLOBAL_ACCENT_COLOR_NAME = AccentColor;
				CODE_SIGN_ENTITLEMENTS = WeekBlocks/WeekBlocks.entitlements;
				CODE_SIGN_STYLE = Automatic;
				COMBINE_HIDPI_IMAGES = YES;
				ENABLE_HARDENED_RUNTIME = YES;
				ENABLE_PREVIEWS = YES;
				EXECUTABLE_NAME = WeekBlocks;
				GENERATE_INFOPLIST_FILE = YES;
				INFOPLIST_FILE = WeekBlocks/Info.plist;
				INFOPLIST_KEY_CFBundleDisplayName = "무지개 공방";
				INFOPLIST_KEY_LSApplicationCategoryType = "public.app-category.productivity";
				INFOPLIST_KEY_NSHumanReadableCopyright = "";
				LD_RUNPATH_SEARCH_PATHS = (
					"$(inherited)",
					"@executable_path/../Frameworks",
				);
				PRODUCT_BUNDLE_IDENTIFIER = com.devkoan.ScheduleDensityApp;
				PRODUCT_MODULE_NAME = WeekBlocks;
				PRODUCT_NAME = "무지개 공방";
				SDKROOT = macosx;
				SWIFT_EMIT_LOC_STRINGS = YES;
				TARGETED_DEVICE_FAMILY = "1,2";
			};
			name = Release;
		};
		B7EBA83B32F9AFEE581E0017 /* Debug */ = {
			isa = XCBuildConfiguration;
			buildSettings = {
				ALWAYS_SEARCH_USER_PATHS = NO;
				ASSETCATALOG_COMPILER_GENERATE_SWIFT_ASSET_SYMBOL_EXTENSIONS = YES;
				CLANG_ANALYZER_NONNULL = YES;
				CLANG_ANALYZER_NUMBER_OBJECT_CONVERSION = YES_AGGRESSIVE;
				CLANG_CXX_LANGUAGE_STANDARD = "gnu++14";
				CLANG_CXX_LIBRARY = "libc++";
				CLANG_ENABLE_MODULES = YES;
				CLANG_ENABLE_OBJC_ARC = YES;
				CLANG_ENABLE_OBJC_WEAK = YES;
				CLANG_WARN_BLOCK_CAPTURE_AUTORELEASING = YES;
				CLANG_WARN_BOOL_CONVERSION = YES;
				CLANG_WARN_COMMA = YES;
				CLANG_WARN_CONSTANT_CONVERSION = YES;
				CLANG_WARN_DEPRECATED_OBJC_IMPLEMENTATIONS = YES;
				CLANG_WARN_DIRECT_OBJC_ISA_USAGE = YES_ERROR;
				CLANG_WARN_DOCUMENTATION_COMMENTS = YES;
				CLANG_WARN_EMPTY_BODY = YES;
				CLANG_WARN_ENUM_CONVERSION = YES;
				CLANG_WARN_INFINITE_RECURSION = YES;
				CLANG_WARN_INT_CONVERSION = YES;
				CLANG_WARN_NON_LITERAL_NULL_CONVERSION = YES;
				CLANG_WARN_OBJC_IMPLICIT_RETAIN_SELF = YES;
				CLANG_WARN_OBJC_LITERAL_CONVERSION = YES;
				CLANG_WARN_OBJC_ROOT_CLASS = YES_ERROR;
				CLANG_WARN_QUOTED_INCLUDE_IN_FRAMEWORK_HEADER = YES;
				CLANG_WARN_RANGE_LOOP_ANALYSIS = YES;
				CLANG_WARN_STRICT_PROTOTYPES = YES;
				CLANG_WARN_SUSPICIOUS_MOVE = YES;
				CLANG_WARN_UNGUARDED_AVAILABILITY = YES_AGGRESSIVE;
				CLANG_WARN_UNREACHABLE_CODE = YES;
				CLANG_WARN__DUPLICATE_METHOD_MATCH = YES;
				COPY_PHASE_STRIP = NO;
				CURRENT_PROJECT_VERSION = 10;
				DEBUG_INFORMATION_FORMAT = dwarf;
				DEVELOPMENT_TEAM = QGAQ3AY3R3;
				ENABLE_STRICT_OBJC_MSGSEND = YES;
				ENABLE_TESTABILITY = YES;
				GCC_C_LANGUAGE_STANDARD = gnu11;
				GCC_DYNAMIC_NO_PIC = NO;
				GCC_NO_COMMON_BLOCKS = YES;
				GCC_OPTIMIZATION_LEVEL = 0;
				GCC_PREPROCESSOR_DEFINITIONS = (
					"$(inherited)",
					"DEBUG=1",
				);
				GCC_WARN_64_TO_32_BIT_CONVERSION = YES;
				GCC_WARN_ABOUT_RETURN_TYPE = YES_ERROR;
				GCC_WARN_UNDECLARED_SELECTOR = YES;
				GCC_WARN_UNINITIALIZED_AUTOS = YES_AGGRESSIVE;
				GCC_WARN_UNUSED_FUNCTION = YES;
				GCC_WARN_UNUSED_VARIABLE = YES;
				MACOSX_DEPLOYMENT_TARGET = 14.0;
				MARKETING_VERSION = 1.1.0;
				MTL_ENABLE_DEBUG_INFO = INCLUDE_SOURCE;
				MTL_FAST_MATH = YES;
				ONLY_ACTIVE_ARCH = YES;
				PRODUCT_NAME = "$(TARGET_NAME)";
				SDKROOT = macosx;
				SWIFT_ACTIVE_COMPILATION_CONDITIONS = DEBUG;
				SWIFT_OPTIMIZATION_LEVEL = "-Onone";
				SWIFT_VERSION = 5.0;
			};
			name = Debug;
		};
/* End XCBuildConfiguration section */

/* Begin XCConfigurationList section */
		167CBDBB670FA4DE3377C1AE /* Build configuration list for PBXProject "WeekBlocks" */ = {
			isa = XCConfigurationList;
			buildConfigurations = (
				B7EBA83B32F9AFEE581E0017 /* Debug */,
				A9C0131BDE41761FD6BD0F76 /* Release */,
			);
			defaultConfigurationIsVisible = 0;
			defaultConfigurationName = Debug;
		};
		1D0C2F44BD9D903CEFF9D132 /* Build configuration list for PBXNativeTarget "TodoShareExtension" */ = {
			isa = XCConfigurationList;
			buildConfigurations = (
				2E34DBB53B6C53DD21FEC91C /* Debug */,
				45EFAB99360303FB759AB4B6 /* Release */,
			);
			defaultConfigurationIsVisible = 0;
			defaultConfigurationName = Debug;
		};
		AB95234F96C177DEF4239FA8 /* Build configuration list for PBXNativeTarget "WeekBlocks" */ = {
			isa = XCConfigurationList;
			buildConfigurations = (
				640895FD28169D94663BB6BE /* Debug */,
				ACEF52518AA4308CA4A419C2 /* Release */,
			);
			defaultConfigurationIsVisible = 0;
			defaultConfigurationName = Debug;
		};
/* End XCConfigurationList section */

/* Begin XCRemoteSwiftPackageReference section */
		08DDEFB0F275CC298FCC41E9 /* XCRemoteSwiftPackageReference "LeeoKit" */ = {
			isa = XCRemoteSwiftPackageReference;
			repositoryURL = "https://github.com/M1zz/LeeoKit.git";
			requirement = {
				kind = upToNextMajorVersion;
				minimumVersion = 3.5.1;
			};
		};
/* End XCRemoteSwiftPackageReference section */

/* Begin XCSwiftPackageProductDependency section */
		144D087CE2C3CFFED2EABEE8 /* LeeoKit */ = {
			isa = XCSwiftPackageProductDependency;
			package = 08DDEFB0F275CC298FCC41E9 /* XCRemoteSwiftPackageReference "LeeoKit" */;
			productName = LeeoKit;
		};
/* End XCSwiftPackageProductDependency section */
	};
	rootObject = B0B47E06A2E7F1E74F5231B4 /* Project object */;
}
